
Microsoft Visual Studio Solution File, Format Version 12.00
# Visual Studio 2013
VisualStudioVersion = 12.0.31101.0
MinimumVisualStudioVersion = 10.0.40219.1
Project("{F14B399A-7131-4C87-9E4B-1186C45EF12D}") = "Connected Cow", "Connected Cow.rptproj", "{FC0E9CF3-24BD-46EE-9A54-9AD476CEC2E6}"
EndProject
Global
	GlobalSection(SolutionConfigurationPlatforms) = preSolution
		Debug|Default = Debug|Default
		DebugLocal|Default = DebugLocal|Default
		Release|Default = Release|Default
	EndGlobalSection
	GlobalSection(ProjectConfigurationPlatforms) = postSolution
		{FC0E9CF3-24BD-46EE-9A54-9AD476CEC2E6}.Debug|Default.ActiveCfg = Debug
		{FC0E9CF3-24BD-46EE-9A54-9AD476CEC2E6}.Debug|Default.Build.0 = Debug
		{FC0E9CF3-24BD-46EE-9A54-9AD476CEC2E6}.Debug|Default.Deploy.0 = Debug
		{FC0E9CF3-24BD-46EE-9A54-9AD476CEC2E6}.DebugLocal|Default.ActiveCfg = DebugLocal
		{FC0E9CF3-24BD-46EE-9A54-9AD476CEC2E6}.DebugLocal|Default.Build.0 = DebugLocal
		{FC0E9CF3-24BD-46EE-9A54-9AD476CEC2E6}.Release|Default.ActiveCfg = Release
		{FC0E9CF3-24BD-46EE-9A54-9AD476CEC2E6}.Release|Default.Build.0 = Release
		{FC0E9CF3-24BD-46EE-9A54-9AD476CEC2E6}.Release|Default.Deploy.0 = Release
	EndGlobalSection
	GlobalSection(SolutionProperties) = preSolution
		HideSolutionNode = FALSE
	EndGlobalSection
EndGlobal
